<Solution>
  <Folder Name="/src/">
    <Project Path="src/FiveTalents.Calendar.Api/FiveTalents.Calendar.Api.csproj" />
    <Project Path="src/FiveTalents.Calendar.Tests/FiveTalents.Calendar.Tests.csproj" />
    <Project Path="src/FiveTalents.Calendar/FiveTalents.Calendar.csproj" />
  </Folder>
</Solution>
